lockfileVersion: '6.0'

settings:
  autoInstallPeers: true
  excludeLinksFromLockfile: false

dependencies:
  react:
    specifier: ^18.3.1
    version: 18.3.1
  react-dom:
    specifier: ^18.3.1
    version: 18.3.1(react@18.3.1)

devDependencies:
  '@rsbuild/core':
    specifier: ^1.0.13
    version: 1.0.14
  '@rsbuild/plugin-react':
    specifier: ^1.0.3
    version: 1.0.4(@rsbuild/core@1.0.14)
  '@types/react':
    specifier: ^18.3.11
    version: 18.3.11
  '@types/react-dom':
    specifier: ^18.3.1
    version: 18.3.1
  typescript:
    specifier: ^5.6.3
    version: 5.6.3

packages:

  /@module-federation/runtime-tools@0.5.1:
    resolution: {integrity: sha512-nfBedkoZ3/SWyO0hnmaxuz0R0iGPSikHZOAZ0N/dVSQaIzlffUo35B5nlC2wgWIc0JdMZfkwkjZRrnuuDIJbzg==}
    dependencies:
      '@module-federation/runtime': 0.5.1
      '@module-federation/webpack-bundler-runtime': 0.5.1
    dev: true

  /@module-federation/runtime@0.5.1:
    resolution: {integrity: sha512-xgiMUWwGLWDrvZc9JibuEbXIbhXg6z2oUkemogSvQ4LKvrl/n0kbqP1Blk669mXzyWbqtSp6PpvNdwaE1aN5xQ==}
    dependencies:
      '@module-federation/sdk': 0.5.1
    dev: true

  /@module-federation/sdk@0.5.1:
    resolution: {integrity: sha512-exvchtjNURJJkpqjQ3/opdbfeT2wPKvrbnGnyRkrwW5o3FH1LaST1tkiNviT6OXTexGaVc2DahbdniQHVtQ7pA==}
    dev: true

  /@module-federation/webpack-bundler-runtime@0.5.1:
    resolution: {integrity: sha512-mMhRFH0k2VjwHt3Jol9JkUsmI/4XlrAoBG3E0o7HoyoPYv1UFOWyqAflfANcUPgbYpvqmyLzDcO+3IT36LXnrA==}
    dependencies:
      '@module-federation/runtime': 0.5.1
      '@module-federation/sdk': 0.5.1
    dev: true

  /@rsbuild/core@1.0.14:
    resolution: {integrity: sha512-00d0DzRUK2CncKK+dHGG8AZuiXzltVzt58BbTba2AKyLHIb2nwYW4ah33sNrDAbYzdz1kPNfsWrmQvY7z71LfA==}
    engines: {node: '>=16.7.0'}
    hasBin: true
    dependencies:
      '@rspack/core': 1.0.10(@swc/helpers@0.5.13)
      '@rspack/lite-tapable': 1.0.1
      '@swc/helpers': 0.5.13
      core-js: 3.38.1
    optionalDependencies:
      fsevents: 2.3.3
    dev: true

  /@rsbuild/plugin-react@1.0.4(@rsbuild/core@1.0.14):
    resolution: {integrity: sha512-lZQPl2Ocw3mxdR8dGZNTx70iLILt/p1B4oAStDNnDCVK9mzeCzpG67IYP82KaAJ5KowXTPLRqEkF9fKr5lWPPA==}
    peerDependencies:
      '@rsbuild/core': 1.x || ^1.0.1-rc.0
    dependencies:
      '@rsbuild/core': 1.0.14
      '@rspack/plugin-react-refresh': 1.0.0(react-refresh@0.14.2)
      react-refresh: 0.14.2
    dev: true

  /@rspack/binding-darwin-arm64@1.0.10:
    resolution: {integrity: sha512-byQuC3VSEHJxjcjdgOvEPPkteA7d/kKYGUTZjsAMsIriioCVkB+4OYfnQmnav8M0An9vBM34H2+IKqO1ge1+Aw==}
    cpu: [arm64]
    os: [darwin]
    requiresBuild: true
    dev: true
    optional: true

  /@rspack/binding-darwin-x64@1.0.10:
    resolution: {integrity: sha512-L5dGmELiDDXAW3+yN11fwDbl8S9i7dwOvzygN/Iw+Md2WAODrFnTI/g++hOfdZzjUPtefyQUqoAcFOgpdxWSCQ==}
    cpu: [x64]
    os: [darwin]
    requiresBuild: true
    dev: true
    optional: true

  /@rspack/binding-linux-arm64-gnu@1.0.10:
    resolution: {integrity: sha512-s+0AIGQQ2Npz3RcDQAFOLc4KYAZZ1g4oWxm2Ug7RSecwy7edK1uUDYE+boofEMgZ9+O3G5O+sXQr+SAyidS5EA==}
    cpu: [arm64]
    os: [linux]
    requiresBuild: true
    dev: true
    optional: true

  /@rspack/binding-linux-arm64-musl@1.0.10:
    resolution: {integrity: sha512-KSPLOHcUC+8zA134RTCqo5bDqmX4ZwFz4LL+n/5i9yugHoiQVplEzh2TkFCVoAH85Xc40qPhxqGLJlhHh5qGEA==}
    cpu: [arm64]
    os: [linux]
    requiresBuild: true
    dev: true
    optional: true

  /@rspack/binding-linux-x64-gnu@1.0.10:
    resolution: {integrity: sha512-hiMIowGEUODn0LxV/Kc/oxHDXXSgu9BgPVZNprRTEZs3E7hHP4FX+YlzKafZ9G6qSY51GkiEDyEOb5X4Pq/eTw==}
    cpu: [x64]
    os: [linux]
    requiresBuild: true
    dev: true
    optional: true

  /@rspack/binding-linux-x64-musl@1.0.10:
    resolution: {integrity: sha512-OKb1PLOIulkg83zFyeFPowIzF7WdYVO6yRK7l+Kkick/cvALOj5XzRHyxrsb8VfJMpzHrPwsLV0RcGRT18BPMw==}
    cpu: [x64]
    os: [linux]
    requiresBuild: true
    dev: true
    optional: true

  /@rspack/binding-win32-arm64-msvc@1.0.10:
    resolution: {integrity: sha512-J2fCPYgiPyLo4pGZMHT72lGHK05puBYJzpCR8CmVCk+ktkhVcao9cA2BUT3Gr3UG2PPxfBFsDDmjA/FsUEdxrg==}
    cpu: [arm64]
    os: [win32]
    requiresBuild: true
    dev: true
    optional: true

  /@rspack/binding-win32-ia32-msvc@1.0.10:
    resolution: {integrity: sha512-DQeGQgFS3jv+krfvp9dAKubGbY98nmsmf3ZeobyAnvq+AFDoVyOKImGp/GvZoCTr6jToFoz9+pPYbQyf15lw+g==}
    cpu: [ia32]
    os: [win32]
    requiresBuild: true
    dev: true
    optional: true

  /@rspack/binding-win32-x64-msvc@1.0.10:
    resolution: {integrity: sha512-1ad9SONsqp6XXxrCHsClnThW7BOrK5PWWslY+J3G0sHsXztSz/s9/CDRXUyJ8vuolpIy10E1Kyk1aV9y+IMs+g==}
    cpu: [x64]
    os: [win32]
    requiresBuild: true
    dev: true
    optional: true

  /@rspack/binding@1.0.10:
    resolution: {integrity: sha512-ILWPqLl0fS3a76OwQH6SlVIJBST39sc55yp0zwt484sb77khm0JGvJRElCdPuwgaR7JRDdqK23EvW0XIQAvY7A==}
    optionalDependencies:
      '@rspack/binding-darwin-arm64': 1.0.10
      '@rspack/binding-darwin-x64': 1.0.10
      '@rspack/binding-linux-arm64-gnu': 1.0.10
      '@rspack/binding-linux-arm64-musl': 1.0.10
      '@rspack/binding-linux-x64-gnu': 1.0.10
      '@rspack/binding-linux-x64-musl': 1.0.10
      '@rspack/binding-win32-arm64-msvc': 1.0.10
      '@rspack/binding-win32-ia32-msvc': 1.0.10
      '@rspack/binding-win32-x64-msvc': 1.0.10
    dev: true

  /@rspack/core@1.0.10(@swc/helpers@0.5.13):
    resolution: {integrity: sha512-Jvj6mzf/aFN3c2E+Lu+3dSz6df2pd79/XOLN9ElA7PIjVua4lVt+dUtrTXqVgoAjaKhZJrIt2WXALYdmv4kkVA==}
    engines: {node: '>=16.0.0'}
    peerDependencies:
      '@swc/helpers': '>=0.5.1'
    peerDependenciesMeta:
      '@swc/helpers':
        optional: true
    dependencies:
      '@module-federation/runtime-tools': 0.5.1
      '@rspack/binding': 1.0.10
      '@rspack/lite-tapable': 1.0.1
      '@swc/helpers': 0.5.13
      caniuse-lite: 1.0.30001668
    dev: true

  /@rspack/lite-tapable@1.0.1:
    resolution: {integrity: sha512-VynGOEsVw2s8TAlLf/uESfrgfrq2+rcXB1muPJYBWbsm1Oa6r5qVQhjA5ggM6z/coYPrsVMgovl3Ff7Q7OCp1w==}
    engines: {node: '>=16.0.0'}
    dev: true

  /@rspack/plugin-react-refresh@1.0.0(react-refresh@0.14.2):
    resolution: {integrity: sha512-WvXkLewW5G0Mlo5H1b251yDh5FFiH4NDAbYlFpvFjcuXX2AchZRf9zdw57BDE/ADyWsJgA8kixN/zZWBTN3iYA==}
    peerDependencies:
      react-refresh: '>=0.10.0 <1.0.0'
    peerDependenciesMeta:
      react-refresh:
        optional: true
    dependencies:
      error-stack-parser: 2.1.4
      html-entities: 2.5.2
      react-refresh: 0.14.2
    dev: true

  /@swc/helpers@0.5.13:
    resolution: {integrity: sha512-UoKGxQ3r5kYI9dALKJapMmuK+1zWM/H17Z1+iwnNmzcJRnfFuevZs375TA5rW31pu4BS4NoSy1fRsexDXfWn5w==}
    dependencies:
      tslib: 2.7.0
    dev: true

  /@types/prop-types@15.7.13:
    resolution: {integrity: sha512-hCZTSvwbzWGvhqxp/RqVqwU999pBf2vp7hzIjiYOsl8wqOmUxkQ6ddw1cV3l8811+kdUFus/q4d1Y3E3SyEifA==}
    dev: true

  /@types/react-dom@18.3.1:
    resolution: {integrity: sha512-qW1Mfv8taImTthu4KoXgDfLuk4bydU6Q/TkADnDWWHwi4NX4BR+LWfTp2sVmTqRrsHvyDDTelgelxJ+SsejKKQ==}
    dependencies:
      '@types/react': 18.3.11
    dev: true

  /@types/react@18.3.11:
    resolution: {integrity: sha512-r6QZ069rFTjrEYgFdOck1gK7FLVsgJE7tTz0pQBczlBNUhBNk0MQH4UbnFSwjpQLMkLzgqvBBa+qGpLje16eTQ==}
    dependencies:
      '@types/prop-types': 15.7.13
      csstype: 3.1.3
    dev: true

  /caniuse-lite@1.0.30001668:
    resolution: {integrity: sha512-nWLrdxqCdblixUO+27JtGJJE/txpJlyUy5YN1u53wLZkP0emYCo5zgS6QYft7VUYR42LGgi/S5hdLZTrnyIddw==}
    dev: true

  /core-js@3.38.1:
    resolution: {integrity: sha512-OP35aUorbU3Zvlx7pjsFdu1rGNnD4pgw/CWoYzRY3t2EzoVT7shKHY1dlAy3f41cGIO7ZDPQimhGFTlEYkG/Hw==}
    requiresBuild: true
    dev: true

  /csstype@3.1.3:
    resolution: {integrity: sha512-M1uQkMl8rQK/szD0LNhtqxIPLpimGm8sOBwU7lLnCpSbTyY3yeU1Vc7l4KT5zT4s/yOxHH5O7tIuuLOCnLADRw==}
    dev: true

  /error-stack-parser@2.1.4:
    resolution: {integrity: sha512-Sk5V6wVazPhq5MhpO+AUxJn5x7XSXGl1R93Vn7i+zS15KDVxQijejNCrz8340/2bgLBjR9GtEG8ZVKONDjcqGQ==}
    dependencies:
      stackframe: 1.3.4
    dev: true

  /fsevents@2.3.3:
    resolution: {integrity: sha512-5xoDfX+fL7faATnagmWPpbFtwh/R77WmMMqqHGS65C3vvB0YHrgF+B1YmZ3441tMj5n63k0212XNoJwzlhffQw==}
    engines: {node: ^8.16.0 || ^10.6.0 || >=11.0.0}
    os: [darwin]
    requiresBuild: true
    dev: true
    optional: true

  /html-entities@2.5.2:
    resolution: {integrity: sha512-K//PSRMQk4FZ78Kyau+mZurHn3FH0Vwr+H36eE0rPbeYkRRi9YxceYPhuN60UwWorxyKHhqoAJl2OFKa4BVtaA==}
    dev: true

  /js-tokens@4.0.0:
    resolution: {integrity: sha512-RdJUflcE3cUzKiMqQgsCu06FPu9UdIJO0beYbPhHN4k6apgJtifcoCtT9bcxOpYBtpD2kCM6Sbzg4CausW/PKQ==}
    dev: false

  /loose-envify@1.4.0:
    resolution: {integrity: sha512-lyuxPGr/Wfhrlem2CL/UcnUc1zcqKAImBDzukY7Y5F/yQiNdko6+fRLevlw1HgMySw7f611UIY408EtxRSoK3Q==}
    hasBin: true
    dependencies:
      js-tokens: 4.0.0
    dev: false

  /react-dom@18.3.1(react@18.3.1):
    resolution: {integrity: sha512-5m4nQKp+rZRb09LNH59GM4BxTh9251/ylbKIbpe7TpGxfJ+9kv6BLkLBXIjjspbgbnIBNqlI23tRnTWT0snUIw==}
    peerDependencies:
      react: ^18.3.1
    dependencies:
      loose-envify: 1.4.0
      react: 18.3.1
      scheduler: 0.23.2
    dev: false

  /react-refresh@0.14.2:
    resolution: {integrity: sha512-jCvmsr+1IUSMUyzOkRcvnVbX3ZYC6g9TDrDbFuFmRDq7PD4yaGbLKNQL6k2jnArV8hjYxh7hVhAZB6s9HDGpZA==}
    engines: {node: '>=0.10.0'}
    dev: true

  /react@18.3.1:
    resolution: {integrity: sha512-wS+hAgJShR0KhEvPJArfuPVN1+Hz1t0Y6n5jLrGQbkb4urgPE/0Rve+1kMB1v/oWgHgm4WIcV+i7F2pTVj+2iQ==}
    engines: {node: '>=0.10.0'}
    dependencies:
      loose-envify: 1.4.0
    dev: false

  /scheduler@0.23.2:
    resolution: {integrity: sha512-UOShsPwz7NrMUqhR6t0hWjFduvOzbtv7toDH1/hIrfRNIDBnnBWd0CwJTGvTpngVlmwGCdP9/Zl/tVrDqcuYzQ==}
    dependencies:
      loose-envify: 1.4.0
    dev: false

  /stackframe@1.3.4:
    resolution: {integrity: sha512-oeVtt7eWQS+Na6F//S4kJ2K2VbRlS9D43mAlMyVpVWovy9o+jfgH8O9agzANzaiLjclA0oYzUXEM4PurhSUChw==}
    dev: true

  /tslib@2.7.0:
    resolution: {integrity: sha512-gLXCKdN1/j47AiHiOkJN69hJmcbGTHI0ImLmbYLHykhgeN0jVGola9yVjFgzCUklsZQMW55o+dW7IXv3RCXDzA==}
    dev: true

  /typescript@5.6.3:
    resolution: {integrity: sha512-hjcS1mhfuyi4WW8IWtjP7brDrG2cuDZukyrYrSauoXGNgx0S7zceP07adYkJycEr56BOUTNPzbInooiN3fn1qw==}
    engines: {node: '>=14.17'}
    hasBin: true
    dev: true
